
Microsoft Visual Studio Solution File, Format Version 12.00
# Visual Studio Version 17
VisualStudioVersion = 17.13.35919.96 d17.13
MinimumVisualStudioVersion = 10.0.40219.1
Project("{FAE04EC0-301F-11D3-BF4B-00C04F79EFBC}") = "PracticeQ6_Y9finals", "PracticeQ6_Y9finals\PracticeQ6_Y9finals.csproj", "{AD6365A4-DA28-4529-B966-013468403BEA}"
EndProject
Global
	GlobalSection(SolutionConfigurationPlatforms) = preSolution
		Debug|Any CPU = Debug|Any CPU
		Release|Any CPU = Release|Any CPU
	EndGlobalSection
	GlobalSection(ProjectConfigurationPlatforms) = postSolution
		{AD6365A4-DA28-4529-B966-013468403BEA}.Debug|Any CPU.ActiveCfg = Debug|Any CPU
		{AD6365A4-DA28-4529-B966-013468403BEA}.Debug|Any CPU.Build.0 = Debug|Any CPU
		{AD6365A4-DA28-4529-B966-013468403BEA}.Release|Any CPU.ActiveCfg = Release|Any CPU
		{AD6365A4-DA28-4529-B966-013468403BEA}.Release|Any CPU.Build.0 = Release|Any CPU
	EndGlobalSection
	GlobalSection(SolutionProperties) = preSolution
		HideSolutionNode = FALSE
	EndGlobalSection
	GlobalSection(ExtensibilityGlobals) = postSolution
		SolutionGuid = {9BC43F43-E9CF-4D5B-B030-275C12AA6BFA}
	EndGlobalSection
EndGlobal
